
Microsoft Visual Studio Solution File, Format Version 12.00
# Visual Studio 15
VisualStudioVersion = 15.0.28010.2046
MinimumVisualStudioVersion = 10.0.40219.1
Project("{FAE04EC0-301F-11D3-BF4B-00C04F79EFBC}") = "LabNumber8Arrays", "LabNumber8Arrays\LabNumber8Arrays.csproj", "{B4E15D22-CC1F-4114-BA4B-20315DCA94E4}"
EndProject
Global
	GlobalSection(SolutionConfigurationPlatforms) = preSolution
		Debug|Any CPU = Debug|Any CPU
		Release|Any CPU = Release|Any CPU
	EndGlobalSection
	GlobalSection(ProjectConfigurationPlatforms) = postSolution
		{B4E15D22-CC1F-4114-BA4B-20315DCA94E4}.Debug|Any CPU.ActiveCfg = Debug|Any CPU
		{B4E15D22-CC1F-4114-BA4B-20315DCA94E4}.Debug|Any CPU.Build.0 = Debug|Any CPU
		{B4E15D22-CC1F-4114-BA4B-20315DCA94E4}.Release|Any CPU.ActiveCfg = Release|Any CPU
		{B4E15D22-CC1F-4114-BA4B-20315DCA94E4}.Release|Any CPU.Build.0 = Release|Any CPU
	EndGlobalSection
	GlobalSection(SolutionProperties) = preSolution
		HideSolutionNode = FALSE
	EndGlobalSection
	GlobalSection(ExtensibilityGlobals) = postSolution
		SolutionGuid = {72357711-DF3A-42B3-AFC9-B95246AF9AB2}
	EndGlobalSection
EndGlobal
